
Microsoft Visual Studio Solution File, Format Version 12.00
# Visual Studio Version 17
VisualStudioVersion = 17.9.34728.123
MinimumVisualStudioVersion = 10.0.40219.1
Project("{9A19103F-16F7-4668-BE54-9A1E7A4F7556}") = "Lab13", "Lab13\Lab13.csproj", "{CAD8EE9E-4BB2-48F9-AC17-84FA6394E9BF}"
EndProject
Project("{FAE04EC0-301F-11D3-BF4B-00C04F79EFBC}") = "Lab13T", "Lab13T\Lab13T.csproj", "{D0CAE67C-384A-4C81-9481-6B243CDA3916}"
EndProject
Global
	GlobalSection(SolutionConfigurationPlatforms) = preSolution
		Debug|Any CPU = Debug|Any CPU
		Release|Any CPU = Release|Any CPU
	EndGlobalSection
	GlobalSection(ProjectConfigurationPlatforms) = postSolution
		{CAD8EE9E-4BB2-48F9-AC17-84FA6394E9BF}.Debug|Any CPU.ActiveCfg = Debug|Any CPU
		{CAD8EE9E-4BB2-48F9-AC17-84FA6394E9BF}.Debug|Any CPU.Build.0 = Debug|Any CPU
		{CAD8EE9E-4BB2-48F9-AC17-84FA6394E9BF}.Release|Any CPU.ActiveCfg = Release|Any CPU
		{CAD8EE9E-4BB2-48F9-AC17-84FA6394E9BF}.Release|Any CPU.Build.0 = Release|Any CPU
		{D0CAE67C-384A-4C81-9481-6B243CDA3916}.Debug|Any CPU.ActiveCfg = Debug|Any CPU
		{D0CAE67C-384A-4C81-9481-6B243CDA3916}.Debug|Any CPU.Build.0 = Debug|Any CPU
		{D0CAE67C-384A-4C81-9481-6B243CDA3916}.Release|Any CPU.ActiveCfg = Release|Any CPU
		{D0CAE67C-384A-4C81-9481-6B243CDA3916}.Release|Any CPU.Build.0 = Release|Any CPU
	EndGlobalSection
	GlobalSection(SolutionProperties) = preSolution
		HideSolutionNode = FALSE
	EndGlobalSection
	GlobalSection(ExtensibilityGlobals) = postSolution
		SolutionGuid = {1BB15CB8-F0DD-44FB-B03E-09AB050FD370}
	EndGlobalSection
EndGlobal
